<?xml version="1.0" encoding="utf-8"?>
<Project ToolsVersion="4.0" xmlns="http://schemas.microsoft.com/developer/msbuild/2003">
  <ItemGroup>
    <Filter Include="Resource Files">
      <UniqueIdentifier>{67DA6AB6-F800-4c08-8B7A-83BB121AAD01}</UniqueIdentifier>
      <Extensions>rc;ico;cur;bmp;dlg;rc2;rct;bin;rgs;gif;jpg;jpeg;jpe;resx;tiff;tif;png;wav;mfcribbon-ms</Extensions>
    </Filter>
    <Filter Include="Source">
      <UniqueIdentifier>{93995380-89BD-4b04-88EB-625FBE52EBFB}</UniqueIdentifier>
      <Extensions>h;hh;hpp;hxx;hm;inl;inc;ipp;xsd</Extensions>
    </Filter>
    <Filter Include="Source\Game">
      <UniqueIdentifier>{27326eb8-2d5f-4ce4-859a-951985c97870}</UniqueIdentifier>
    </Filter>
    <Filter Include="Source\Game\Cell">
      <UniqueIdentifier>{a2c727c6-ece9-4aa1-ace3-2c0e7ea1457f}</UniqueIdentifier>
    </Filter>
    <Filter Include="Source\Utils">
      <UniqueIdentifier>{78699f04-13cc-4242-9402-e84d1a96984d}</UniqueIdentifier>
    </Filter>
    <Filter Include="Source\Context">
      <UniqueIdentifier>{7773a1ff-3218-49e2-8c5d-14b0561015ac}</UniqueIdentifier>
    </Filter>
    <Filter Include="Source\Game\Cell\States">
      <UniqueIdentifier>{590c062d-c981-4a4b-99af-cfc5ab1a863f}</UniqueIdentifier>
    </Filter>
    <Filter Include="Source\Entities">
      <UniqueIdentifier>{4f036043-2c67-4a6a-ac7a-1425d50e3784}</UniqueIdentifier>
    </Filter>
    <Filter Include="Source\UI">
      <UniqueIdentifier>{15df2c34-5cb7-4f26-8a3b-012a442c6f8d}</UniqueIdentifier>
    </Filter>
    <Filter Include="Assets">
      <UniqueIdentifier>{b5ae3f09-ca7b-45a4-a2ea-b95bead69d3f}</UniqueIdentifier>
    </Filter>
    <Filter Include="Assets\Fonts">
      <UniqueIdentifier>{82f2cebb-da78-4fa9-b89c-f669b0cc7b87}</UniqueIdentifier>
    </Filter>
    <Filter Include="Assets\Textures">
      <UniqueIdentifier>{c0dcf9ee-bf1b-4616-8e7d-4eb466ddb8b8}</UniqueIdentifier>
    </Filter>
  </ItemGroup>
  <ItemGroup>
    <ClCompile Include="BaseContext.cpp">
      <Filter>Source\Context</Filter>
    </ClCompile>
    <ClCompile Include="GameContext.cpp">
      <Filter>Source\Context</Filter>
    </ClCompile>
    <ClCompile Include="GameOverCanvas.cpp">
      <Filter>Source\UI</Filter>
    </ClCompile>
    <ClCompile Include="Board.cpp">
      <Filter>Source\Game</Filter>
    </ClCompile>
    <ClCompile Include="Cell.cpp">
      <Filter>Source\Game\Cell</Filter>
    </ClCompile>
    <ClCompile Include="CellFlaggedState.cpp">
      <Filter>Source\Game\Cell\States</Filter>
    </ClCompile>
    <ClCompile Include="CellIdleState.cpp">
      <Filter>Source\Game\Cell\States</Filter>
    </ClCompile>
    <ClCompile Include="CellMineState.cpp">
      <Filter>Source\Game\Cell\States</Filter>
    </ClCompile>
    <ClCompile Include="CellOpenState.cpp">
      <Filter>Source\Game\Cell\States</Filter>
    </ClCompile>
    <ClCompile Include="CellState.cpp">
      <Filter>Source\Game\Cell</Filter>
    </ClCompile>
    <ClCompile Include="game.cpp">
      <Filter>Source</Filter>
    </ClCompile>
    <ClCompile Include="Math.cpp">
      <Filter>Source\Utils</Filter>
    </ClCompile>
    <ClCompile Include="ContextManager.cpp">
      <Filter>Source\Context</Filter>
    </ClCompile>
    <ClCompile Include="GameManager.cpp">
      <Filter>Source\Game</Filter>
    </ClCompile>
    <ClCompile Include="MainMenuContext.cpp">
      <Filter>Source\Context</Filter>
    </ClCompile>
    <ClCompile Include="Entity.cpp">
      <Filter>Source\Entities</Filter>
    </ClCompile>
    <ClCompile Include="MainMenuCanvas.cpp">
      <Filter>Source\UI</Filter>
    </ClCompile>
    <ClCompile Include="CanvasEntity.cpp">
      <Filter>Source\Entities</Filter>
    </ClCompile>
    <ClCompile Include="Button.cpp">
      <Filter>Source\UI</Filter>
    </ClCompile>
    <ClCompile Include="PlayerCanvas.cpp">
      <Filter>Source\UI</Filter>
    </ClCompile>
  </ItemGroup>
  <ItemGroup>
    <ClInclude Include="Board.h">
      <Filter>Source\Game</Filter>
    </ClInclude>
    <ClInclude Include="Action.h">
      <Filter>Source\Game</Filter>
    </ClInclude>
    <ClInclude Include="GameManager.h">
      <Filter>Source\Game</Filter>
    </ClInclude>
    <ClInclude Include="Cell.h">
      <Filter>Source\Game\Cell</Filter>
    </ClInclude>
    <ClInclude Include="CellState.h">
      <Filter>Source\Game\Cell</Filter>
    </ClInclude>
    <ClInclude Include="Math.h">
      <Filter>Source\Utils</Filter>
    </ClInclude>
    <ClInclude Include="ContextManager.h">
      <Filter>Source\Context</Filter>
    </ClInclude>
    <ClInclude Include="BaseContext.h">
      <Filter>Source\Context</Filter>
    </ClInclude>
    <ClInclude Include="GameContext.h">
      <Filter>Source\Context</Filter>
    </ClInclude>
    <ClInclude Include="GameOverCanvas.h">
      <Filter>Source\UI</Filter>
    </ClInclude>
    <ClInclude Include="CellFlaggedState.h">
      <Filter>Source\Game\Cell\States</Filter>
    </ClInclude>
    <ClInclude Include="CellIdleState.h">
      <Filter>Source\Game\Cell\States</Filter>
    </ClInclude>
    <ClInclude Include="CellMineState.h">
      <Filter>Source\Game\Cell\States</Filter>
    </ClInclude>
    <ClInclude Include="CellOpenState.h">
      <Filter>Source\Game\Cell\States</Filter>
    </ClInclude>
    <ClInclude Include="CanvasEntity.h">
      <Filter>Source\Entities</Filter>
    </ClInclude>
    <ClInclude Include="Entity.h">
      <Filter>Source\Entities</Filter>
    </ClInclude>
    <ClInclude Include="InteractableEntity.h">
      <Filter>Source\Entities</Filter>
    </ClInclude>
    <ClInclude Include="MainMenuContext.h">
      <Filter>Source\Context</Filter>
    </ClInclude>
    <ClInclude Include="MainMenuCanvas.h">
      <Filter>Source\UI</Filter>
    </ClInclude>
    <ClInclude Include="Theme.hpp">
      <Filter>Source\Utils</Filter>
    </ClInclude>
    <ClInclude Include="Button.h">
      <Filter>Source\UI</Filter>
    </ClInclude>
    <ClInclude Include="PlayerCanvas.h">
      <Filter>Source\UI</Filter>
    </ClInclude>
  </ItemGroup>
  <ItemGroup>
    <Image Include="Assets\Cell_0.png">
      <Filter>Assets\Textures</Filter>
    </Image>
    <Image Include="Assets\Cell_1.png">
      <Filter>Assets\Textures</Filter>
    </Image>
    <Image Include="Assets\Cell_2.png">
      <Filter>Assets\Textures</Filter>
    </Image>
    <Image Include="Assets\Cell_3.png">
      <Filter>Assets\Textures</Filter>
    </Image>
    <Image Include="Assets\Cell_4.png">
      <Filter>Assets\Textures</Filter>
    </Image>
    <Image Include="Assets\Cell_5.png">
      <Filter>Assets\Textures</Filter>
    </Image>
    <Image Include="Assets\Cell_6.png">
      <Filter>Assets\Textures</Filter>
    </Image>
    <Image Include="Assets\Cell_7.png">
      <Filter>Assets\Textures</Filter>
    </Image>
    <Image Include="Assets\Cell_8.png">
      <Filter>Assets\Textures</Filter>
    </Image>
    <Image Include="Assets\Cell_Flagged.png">
      <Filter>Assets\Textures</Filter>
    </Image>
    <Image Include="Assets\Cell_Idle.png">
      <Filter>Assets\Textures</Filter>
    </Image>
    <Image Include="Assets\Cell_Mine.png">
      <Filter>Assets\Textures</Filter>
    </Image>
    <Image Include="Assets\Cell_Mine_Red.png">
      <Filter>Assets\Textures</Filter>
    </Image>
    <Image Include="Assets\Cell_Mine_X.png">
      <Filter>Assets\Textures</Filter>
    </Image>
    <Image Include="Assets\Cell_Unknown.png">
      <Filter>Assets\Textures</Filter>
    </Image>
    <Image Include="Assets\Cell_Unknown_Open.png">
      <Filter>Assets\Textures</Filter>
    </Image>
  </ItemGroup>
  <ItemGroup>
    <Font Include="Assets\pixel.ttf">
      <Filter>Assets\Fonts</Filter>
    </Font>
  </ItemGroup>
</Project>