<?xml version="1.0" encoding="utf-8"?>
<Project ToolsVersion="4.0" xmlns="http://schemas.microsoft.com/developer/msbuild/2003">
  <ItemGroup>
    <Filter Include="Source Files">
      <UniqueIdentifier>{4FC737F1-C7A5-4376-A066-2A32D752A2FF}</UniqueIdentifier>
      <Extensions>cpp;c;cc;cxx;def;odl;idl;hpj;bat;asm;asmx</Extensions>
    </Filter>
    <Filter Include="Header Files">
      <UniqueIdentifier>{93995380-89BD-4b04-88EB-625FBE52EBFB}</UniqueIdentifier>
      <Extensions>h;hh;hpp;hxx;hm;inl;inc;ipp;xsd</Extensions>
    </Filter>
    <Filter Include="Resource Files">
      <UniqueIdentifier>{67DA6AB6-F800-4c08-8B7A-83BB121AAD01}</UniqueIdentifier>
      <Extensions>rc;ico;cur;bmp;dlg;rc2;rct;bin;rgs;gif;jpg;jpeg;jpe;resx;tiff;tif;png;wav;mfcribbon-ms</Extensions>
    </Filter>
    <Filter Include="Assets">
      <UniqueIdentifier>{1537fa2f-2772-4c89-850b-9b26e1454fdc}</UniqueIdentifier>
    </Filter>
    <Filter Include="Assets\Textures">
      <UniqueIdentifier>{35ad3488-d0f1-4a1a-92de-d24b4625c6d6}</UniqueIdentifier>
    </Filter>
    <Filter Include="Assets\Audio">
      <UniqueIdentifier>{115468cb-a612-4656-bd55-bf5b678c0cd7}</UniqueIdentifier>
    </Filter>
    <Filter Include="Assets\Fonts">
      <UniqueIdentifier>{e9347c94-9d97-4ae2-a105-a32fd00935e9}</UniqueIdentifier>
    </Filter>
    <Filter Include="Header Files\Game">
      <UniqueIdentifier>{27326eb8-2d5f-4ce4-859a-951985c97870}</UniqueIdentifier>
    </Filter>
    <Filter Include="Header Files\Game\Cell">
      <UniqueIdentifier>{a2c727c6-ece9-4aa1-ace3-2c0e7ea1457f}</UniqueIdentifier>
    </Filter>
    <Filter Include="Header Files\Utils">
      <UniqueIdentifier>{78699f04-13cc-4242-9402-e84d1a96984d}</UniqueIdentifier>
    </Filter>
  </ItemGroup>
  <ItemGroup>
    <ClCompile Include="game.cpp">
      <Filter>Source Files</Filter>
    </ClCompile>
    <ClCompile Include="Animation.cpp">
      <Filter>Source Files</Filter>
    </ClCompile>
    <ClCompile Include="Snippets.cpp">
      <Filter>Source Files</Filter>
    </ClCompile>
    <ClCompile Include="Cell.cpp">
      <Filter>Source Files</Filter>
    </ClCompile>
    <ClCompile Include="Board.cpp">
      <Filter>Source Files</Filter>
    </ClCompile>
    <ClCompile Include="CellState.cpp">
      <Filter>Source Files</Filter>
    </ClCompile>
    <ClCompile Include="CellIdleState.cpp">
      <Filter>Source Files</Filter>
    </ClCompile>
    <ClCompile Include="Math.cpp">
      <Filter>Source Files</Filter>
    </ClCompile>
    <ClCompile Include="CellFlaggedState.cpp">
      <Filter>Source Files</Filter>
    </ClCompile>
  </ItemGroup>
  <ItemGroup>
    <ClInclude Include="Animation.h">
      <Filter>Header Files</Filter>
    </ClInclude>
    <ClInclude Include="Board.h">
      <Filter>Header Files\Game</Filter>
    </ClInclude>
    <ClInclude Include="Message.h">
      <Filter>Header Files\Game</Filter>
    </ClInclude>
    <ClInclude Include="Action.h">
      <Filter>Header Files\Game</Filter>
    </ClInclude>
    <ClInclude Include="GameManager.h">
      <Filter>Header Files\Game</Filter>
    </ClInclude>
    <ClInclude Include="Cell.h">
      <Filter>Header Files\Game\Cell</Filter>
    </ClInclude>
    <ClInclude Include="CellIdleState.h">
      <Filter>Header Files\Game\Cell</Filter>
    </ClInclude>
    <ClInclude Include="CellState.h">
      <Filter>Header Files\Game\Cell</Filter>
    </ClInclude>
    <ClInclude Include="Math.h">
      <Filter>Header Files\Utils</Filter>
    </ClInclude>
    <ClInclude Include="CellMineState.h">
      <Filter>Header Files\Game\Cell</Filter>
    </ClInclude>
    <ClInclude Include="CellFlaggedState.h">
      <Filter>Header Files\Game\Cell</Filter>
    </ClInclude>
  </ItemGroup>
  <ItemGroup>
    <Font Include="OpenSans-Regular.ttf">
      <Filter>Assets\Fonts</Filter>
    </Font>
  </ItemGroup>
  <ItemGroup>
    <Image Include="Cell_0.png">
      <Filter>Assets\Textures</Filter>
    </Image>
    <Image Include="Cell_1.png">
      <Filter>Assets\Textures</Filter>
    </Image>
    <Image Include="Cell_2.png">
      <Filter>Assets\Textures</Filter>
    </Image>
    <Image Include="Cell_3.png">
      <Filter>Assets\Textures</Filter>
    </Image>
    <Image Include="Cell_4.png">
      <Filter>Assets\Textures</Filter>
    </Image>
    <Image Include="Cell_5.png">
      <Filter>Assets\Textures</Filter>
    </Image>
    <Image Include="Cell_6.png">
      <Filter>Assets\Textures</Filter>
    </Image>
    <Image Include="Cell_7.png">
      <Filter>Assets\Textures</Filter>
    </Image>
    <Image Include="Cell_8.png">
      <Filter>Assets\Textures</Filter>
    </Image>
    <Image Include="Cell_Bomb.png">
      <Filter>Assets\Textures</Filter>
    </Image>
    <Image Include="Cell_Bomb_Red.png">
      <Filter>Assets\Textures</Filter>
    </Image>
    <Image Include="Cell_Bomb_X.png">
      <Filter>Assets\Textures</Filter>
    </Image>
    <Image Include="Cell_Flagged.png">
      <Filter>Assets\Textures</Filter>
    </Image>
    <Image Include="Cell_Idle.png">
      <Filter>Assets\Textures</Filter>
    </Image>
    <Image Include="Cell_Unknown.png">
      <Filter>Assets\Textures</Filter>
    </Image>
    <Image Include="Cell_Unknown_Open.png">
      <Filter>Assets\Textures</Filter>
    </Image>
  </ItemGroup>
</Project>